// !$*UTF8*$!
{
	archiveVersion = 1;
	classes = {
	};
	objectVersion = 46;
	objects = {

/* Begin PBXBuildFile section */
		1BD3872A1AA0544B0085402E /* main.m in Sources */ = {isa = PBXBuildFile; fileRef = 1BD387291AA0544B0085402E /* main.m */; };
		1BD3872D1AA0544B0085402E /* AppDelegate.m in Sources */ = {isa = PBXBuildFile; fileRef = 1BD3872C1AA0544B0085402E /* AppDelegate.m */; };
		1BD387301AA0544B0085402E /* ViewController.m in Sources */ = {isa = PBXBuildFile; fileRef = 1BD3872F1AA0544B0085402E /* ViewController.m */; };
		1BD387331AA0544B0085402E /* Main.storyboard in Resources */ = {isa = PBXBuildFile; fileRef = 1BD387311AA0544B0085402E /* Main.storyboard */; };
		1BD387351AA0544B0085402E /* Images.xcassets in Resources */ = {isa = PBXBuildFile; fileRef = 1BD387341AA0544B0085402E /* Images.xcassets */; };
		1BD387381AA0544B0085402E /* LaunchScreen.xib in Resources */ = {isa = PBXBuildFile; fileRef = 1BD387361AA0544B0085402E /* LaunchScreen.xib */; };
		1BD387441AA0544B0085402E /* MyLoadProgressViewTests.m in Sources */ = {isa = PBXBuildFile; fileRef = 1BD387431AA0544B0085402E /* MyLoadProgressViewTests.m */; };
		1BD3874F1AA059200085402E /* MyWebView.m in Sources */ = {isa = PBXBuildFile; fileRef = 1BD3874E1AA059200085402E /* MyWebView.m */; };
/* End PBXBuildFile section */

/* Begin PBXContainerItemProxy section */
		1BD3873E1AA0544B0085402E /* PBXContainerItemProxy */ = {
			isa = PBXContainerItemProxy;
			containerPortal = 1BD3871C1AA0544B0085402E /* Project object */;
			proxyType = 1;
			remoteGlobalIDString = 1BD387231AA0544B0085402E;
			remoteInfo = MyLoadProgressView;
		};
/* End PBXContainerItemProxy section */

/* Begin PBXFileReference section */
		1BD387241AA0544B0085402E /* MyLoadProgressView.app */ = {isa = PBXFileReference; explicitFileType = wrapper.application; includeInIndex = 0; path = MyLoadProgressView.app; sourceTree = BUILT_PRODUCTS_DIR; };
		1BD387281AA0544B0085402E /* Info.plist */ = {isa = PBXFileReference; lastKnownFileType = text.plist.xml; path = Info.plist; sourceTree = "<group>"; };
		1BD387291AA0544B0085402E /* main.m */ = {isa = PBXFileReference; lastKnownFileType = sourcecode.c.objc; path = main.m; sourceTree = "<group>"; };
		1BD3872B1AA0544B0085402E /* AppDelegate.h */ = {isa = PBXFileReference; lastKnownFileType = sourcecode.c.h; path = AppDelegate.h; sourceTree = "<group>"; };
		1BD3872C1AA0544B0085402E /* AppDelegate.m */ = {isa = PBXFileReference; lastKnownFileType = sourcecode.c.objc; path = AppDelegate.m; sourceTree = "<group>"; };
		1BD3872E1AA0544B0085402E /* ViewController.h */ = {isa = PBXFileReference; lastKnownFileType = sourcecode.c.h; path = ViewController.h; sourceTree = "<group>"; };
		1BD3872F1AA0544B0085402E /* ViewController.m */ = {isa = PBXFileReference; lastKnownFileType = sourcecode.c.objc; path = ViewController.m; sourceTree = "<group>"; };
		1BD387321AA0544B0085402E /* Base */ = {isa = PBXFileReference; lastKnownFileType = file.storyboard; name = Base; path = Base.lproj/Main.storyboard; sourceTree = "<group>"; };
		1BD387341AA0544B0085402E /* Images.xcassets */ = {isa = PBXFileReference; lastKnownFileType = folder.assetcatalog; path = Images.xcassets; sourceTree = "<group>"; };
		1BD387371AA0544B0085402E /* Base */ = {isa = PBXFileReference; lastKnownFileType = file.xib; name = Base; path = Base.lproj/LaunchScreen.xib; sourceTree = "<group>"; };
		1BD3873D1AA0544B0085402E /* MyLoadProgressViewTests.xctest */ = {isa = PBXFileReference; explicitFileType = wrapper.cfbundle; includeInIndex = 0; path = MyLoadProgressViewTests.xctest; sourceTree = BUILT_PRODUCTS_DIR; };
		1BD387421AA0544B0085402E /* Info.plist */ = {isa = PBXFileReference; lastKnownFileType = text.plist.xml; path = Info.plist; sourceTree = "<group>"; };
		1BD387431AA0544B0085402E /* MyLoadProgressViewTests.m */ = {isa = PBXFileReference; lastKnownFileType = sourcecode.c.objc; path = MyLoadProgressViewTests.m; sourceTree = "<group>"; };
		1BD3874D1AA059200085402E /* MyWebView.h */ = {isa = PBXFileReference; fileEncoding = 4; lastKnownFileType = sourcecode.c.h; path = MyWebView.h; sourceTree = "<group>"; };
		1BD3874E1AA059200085402E /* MyWebView.m */ = {isa = PBXFileReference; fileEncoding = 4; lastKnownFileType = sourcecode.c.objc; path = MyWebView.m; sourceTree = "<group>"; };
/* End PBXFileReference section */

/* Begin PBXFrameworksBuildPhase section */
		1BD387211AA0544B0085402E /* Frameworks */ = {
			isa = PBXFrameworksBuildPhase;
			buildActionMask = 2147483647;
			files = (
			);
			runOnlyForDeploymentPostprocessing = 0;
		};
		1BD3873A1AA0544B0085402E /* Frameworks */ = {
			isa = PBXFrameworksBuildPhase;
			buildActionMask = 2147483647;
			files = (
			);
			runOnlyForDeploymentPostprocessing = 0;
		};
/* End PBXFrameworksBuildPhase section */

/* Begin PBXGroup section */
		1BD3871B1AA0544B0085402E = {
			isa = PBXGroup;
			children = (
				1BD3874D1AA059200085402E /* MyWebView.h */,
				1BD3874E1AA059200085402E /* MyWebView.m */,
				1BD387261AA0544B0085402E /* MyLoadProgressView */,
				1BD387401AA0544B0085402E /* MyLoadProgressViewTests */,
				1BD387251AA0544B0085402E /* Products */,
			);
			sourceTree = "<group>";
		};
		1BD387251AA0544B0085402E /* Products */ = {
			isa = PBXGroup;
			children = (
				1BD387241AA0544B0085402E /* MyLoadProgressView.app */,
				1BD3873D1AA0544B0085402E /* MyLoadProgressViewTests.xctest */,
			);
			name = Products;
			sourceTree = "<group>";
		};
		1BD387261AA0544B0085402E /* MyLoadProgressView */ = {
			isa = PBXGroup;
			children = (
				1BD3872B1AA0544B0085402E /* AppDelegate.h */,
				1BD3872C1AA0544B0085402E /* AppDelegate.m */,
				1BD3872E1AA0544B0085402E /* ViewController.h */,
				1BD3872F1AA0544B0085402E /* ViewController.m */,
				1BD387311AA0544B0085402E /* Main.storyboard */,
				1BD387341AA0544B0085402E /* Images.xcassets */,
				1BD387361AA0544B0085402E /* LaunchScreen.xib */,
				1BD387271AA0544B0085402E /* Supporting Files */,
			);
			path = MyLoadProgressView;
			sourceTree = "<group>";
		};
		1BD387271AA0544B0085402E /* Supporting Files */ = {
			isa = PBXGroup;
			children = (
				1BD387281AA0544B0085402E /* Info.plist */,
				1BD387291AA0544B0085402E /* main.m */,
			);
			name = "Supporting Files";
			sourceTree = "<group>";
		};
		1BD387401AA0544B0085402E /* MyLoadProgressViewTests */ = {
			isa = PBXGroup;
			children = (
				1BD387431AA0544B0085402E /* MyLoadProgressViewTests.m */,
				1BD387411AA0544B0085402E /* Supporting Files */,
			);
			path = MyLoadProgressViewTests;
			sourceTree = "<group>";
		};
		1BD387411AA0544B0085402E /* Supporting Files */ = {
			isa = PBXGroup;
			children = (
				1BD387421AA0544B0085402E /* Info.plist */,
			);
			name = "Supporting Files";
			sourceTree = "<group>";
		};
/* End PBXGroup section */

/* Begin PBXNativeTarget section */
		1BD387231AA0544B0085402E /* MyLoadProgressView */ = {
			isa = PBXNativeTarget;
			buildConfigurationList = 1BD387471AA0544B0085402E /* Build configuration list for PBXNativeTarget "MyLoadProgressView" */;
			buildPhases = (
				1BD387201AA0544B0085402E /* Sources */,
				1BD387211AA0544B0085402E /* Frameworks */,
				1BD387221AA0544B0085402E /* Resources */,
			);
			buildRules = (
			);
			dependencies = (
			);
			name = MyLoadProgressView;
			productName = MyLoadProgressView;
			productReference = 1BD387241AA0544B0085402E /* MyLoadProgressView.app */;
			productType = "com.apple.product-type.application";
		};
		1BD3873C1AA0544B0085402E /* MyLoadProgressViewTests */ = {
			isa = PBXNativeTarget;
			buildConfigurationList = 1BD3874A1AA0544B0085402E /* Build configuration list for PBXNativeTarget "MyLoadProgressViewTests" */;
			buildPhases = (
				1BD387391AA0544B0085402E /* Sources */,
				1BD3873A1AA0544B0085402E /* Frameworks */,
				1BD3873B1AA0544B0085402E /* Resources */,
			);
			buildRules = (
			);
			dependencies = (
				1BD3873F1AA0544B0085402E /* PBXTargetDependency */,
			);
			name = MyLoadProgressViewTests;
			productName = MyLoadProgressViewTests;
			productReference = 1BD3873D1AA0544B0085402E /* MyLoadProgressViewTests.xctest */;
			productType = "com.apple.product-type.bundle.unit-test";
		};
/* End PBXNativeTarget section */

/* Begin PBXProject section */
		1BD3871C1AA0544B0085402E /* Project object */ = {
			isa = PBXProject;
			attributes = {
				LastUpgradeCheck = 0610;
				ORGANIZATIONNAME = JW;
				TargetAttributes = {
					1BD387231AA0544B0085402E = {
						CreatedOnToolsVersion = 6.1.1;
					};
					1BD3873C1AA0544B0085402E = {
						CreatedOnToolsVersion = 6.1.1;
						TestTargetID = 1BD387231AA0544B0085402E;
					};
				};
			};
			buildConfigurationList = 1BD3871F1AA0544B0085402E /* Build configuration list for PBXProject "MyLoadProgressView" */;
			compatibilityVersion = "Xcode 3.2";
			developmentRegion = English;
			hasScannedForEncodings = 0;
			knownRegions = (
				en,
				Base,
			);
			mainGroup = 1BD3871B1AA0544B0085402E;
			productRefGroup = 1BD387251AA0544B0085402E /* Products */;
			projectDirPath = "";
			projectRoot = "";
			targets = (
				1BD387231AA0544B0085402E /* MyLoadProgressView */,
				1BD3873C1AA0544B0085402E /* MyLoadProgressViewTests */,
			);
		};
/* End PBXProject section */

/* Begin PBXResourcesBuildPhase section */
		1BD387221AA0544B0085402E /* Resources */ = {
			isa = PBXResourcesBuildPhase;
			buildActionMask = 2147483647;
			files = (
				1BD387331AA0544B0085402E /* Main.storyboard in Resources */,
				1BD387381AA0544B0085402E /* LaunchScreen.xib in Resources */,
				1BD387351AA0544B0085402E /* Images.xcassets in Resources */,
			);
			runOnlyForDeploymentPostprocessing = 0;
		};
		1BD3873B1AA0544B0085402E /* Resources */ = {
			isa = PBXResourcesBuildPhase;
			buildActionMask = 2147483647;
			files = (
			);
			runOnlyForDeploymentPostprocessing = 0;
		};
/* End PBXResourcesBuildPhase section */

/* Begin PBXSourcesBuildPhase section */
		1BD387201AA0544B0085402E /* Sources */ = {
			isa = PBXSourcesBuildPhase;
			buildActionMask = 2147483647;
			files = (
				1BD387301AA0544B0085402E /* ViewController.m in Sources */,
				1BD3874F1AA059200085402E /* MyWebView.m in Sources */,
				1BD3872D1AA0544B0085402E /* AppDelegate.m in Sources */,
				1BD3872A1AA0544B0085402E /* main.m in Sources */,
			);
			runOnlyForDeploymentPostprocessing = 0;
		};
		1BD387391AA0544B0085402E /* Sources */ = {
			isa = PBXSourcesBuildPhase;
			buildActionMask = 2147483647;
			files = (
				1BD387441AA0544B0085402E /* MyLoadProgressViewTests.m in Sources */,
			);
			runOnlyForDeploymentPostprocessing = 0;
		};
/* End PBXSourcesBuildPhase section */

/* Begin PBXTargetDependency section */
		1BD3873F1AA0544B0085402E /* PBXTargetDependency */ = {
			isa = PBXTargetDependency;
			target = 1BD387231AA0544B0085402E /* MyLoadProgressView */;
			targetProxy = 1BD3873E1AA0544B0085402E /* PBXContainerItemProxy */;
		};
/* End PBXTargetDependency section */

/* Begin PBXVariantGroup section */
		1BD387311AA0544B0085402E /* Main.storyboard */ = {
			isa = PBXVariantGroup;
			children = (
				1BD387321AA0544B0085402E /* Base */,
			);
			name = Main.storyboard;
			sourceTree = "<group>";
		};
		1BD387361AA0544B0085402E /* LaunchScreen.xib */ = {
			isa = PBXVariantGroup;
			children = (
				1BD387371AA0544B0085402E /* Base */,
			);
			name = LaunchScreen.xib;
			sourceTree = "<group>";
		};
/* End PBXVariantGroup section */

/* Begin XCBuildConfiguration section */
		1BD387451AA0544B0085402E /* Debug */ = {
			isa = XCBuildConfiguration;
			buildSettings = {
				ALWAYS_SEARCH_USER_PATHS = NO;
				CLANG_CXX_LANGUAGE_STANDARD = "gnu++0x";
				CLANG_CXX_LIBRARY = "libc++";
				CLANG_ENABLE_MODULES = YES;
				CLANG_ENABLE_OBJC_ARC = YES;
				CLANG_WARN_BOOL_CONVERSION = YES;
				CLANG_WARN_CONSTANT_CONVERSION = YES;
				CLANG_WARN_DIRECT_OBJC_ISA_USAGE = YES_ERROR;
				CLANG_WARN_EMPTY_BODY = YES;
				CLANG_WARN_ENUM_CONVERSION = YES;
				CLANG_WARN_INT_CONVERSION = YES;
				CLANG_WARN_OBJC_ROOT_CLASS = YES_ERROR;
				CLANG_WARN_UNREACHABLE_CODE = YES;
				CLANG_WARN__DUPLICATE_METHOD_MATCH = YES;
				"CODE_SIGN_IDENTITY[sdk=iphoneos*]" = "iPhone Developer";
				COPY_PHASE_STRIP = NO;
				ENABLE_STRICT_OBJC_MSGSEND = YES;
				GCC_C_LANGUAGE_STANDARD = gnu99;
				GCC_DYNAMIC_NO_PIC = NO;
				GCC_OPTIMIZATION_LEVEL = 0;
				GCC_PREPROCESSOR_DEFINITIONS = (
					"DEBUG=1",
					"$(inherited)",
				);
				GCC_SYMBOLS_PRIVATE_EXTERN = NO;
				GCC_WARN_64_TO_32_BIT_CONVERSION = YES;
				GCC_WARN_ABOUT_RETURN_TYPE = YES_ERROR;
				GCC_WARN_UNDECLARED_SELECTOR = YES;
				GCC_WARN_UNINITIALIZED_AUTOS = YES_AGGRESSIVE;
				GCC_WARN_UNUSED_FUNCTION = YES;
				GCC_WARN_UNUSED_VARIABLE = YES;
				IPHONEOS_DEPLOYMENT_TARGET = 8.1;
				MTL_ENABLE_DEBUG_INFO = YES;
				ONLY_ACTIVE_ARCH = YES;
				SDKROOT = iphoneos;
			};
			name = Debug;
		};
		1BD387461AA0544B0085402E /* Release */ = {
			isa = XCBuildConfiguration;
			buildSettings = {
				ALWAYS_SEARCH_USER_PATHS = NO;
				CLANG_CXX_LANGUAGE_STANDARD = "gnu++0x";
				CLANG_CXX_LIBRARY = "libc++";
				CLANG_ENABLE_MODULES = YES;
				CLANG_ENABLE_OBJC_ARC = YES;
				CLANG_WARN_BOOL_CONVERSION = YES;
				CLANG_WARN_CONSTANT_CONVERSION = YES;
				CLANG_WARN_DIRECT_OBJC_ISA_USAGE = YES_ERROR;
				CLANG_WARN_EMPTY_BODY = YES;
				CLANG_WARN_ENUM_CONVERSION = YES;
				CLANG_WARN_INT_CONVERSION = YES;
				CLANG_WARN_OBJC_ROOT_CLASS = YES_ERROR;
				CLANG_WARN_UNREACHABLE_CODE = YES;
				CLANG_WARN__DUPLICATE_METHOD_MATCH = YES;
				"CODE_SIGN_IDENTITY[sdk=iphoneos*]" = "iPhone Developer";
				COPY_PHASE_STRIP = YES;
				ENABLE_NS_ASSERTIONS = NO;
				ENABLE_STRICT_OBJC_MSGSEND = YES;
				GCC_C_LANGUAGE_STANDARD = gnu99;
				GCC_WARN_64_TO_32_BIT_CONVERSION = YES;
				GCC_WARN_ABOUT_RETURN_TYPE = YES_ERROR;
				GCC_WARN_UNDECLARED_SELECTOR = YES;
				GCC_WARN_UNINITIALIZED_AUTOS = YES_AGGRESSIVE;
				GCC_WARN_UNUSED_FUNCTION = YES;
				GCC_WARN_UNUSED_VARIABLE = YES;
				IPHONEOS_DEPLOYMENT_TARGET = 8.1;
				MTL_ENABLE_DEBUG_INFO = NO;
				SDKROOT = iphoneos;
				VALIDATE_PRODUCT = YES;
			};
			name = Release;
		};
		1BD387481AA0544B0085402E /* Debug */ = {
			isa = XCBuildConfiguration;
			buildSettings = {
				ASSETCATALOG_COMPILER_APPICON_NAME = AppIcon;
				ASSETCATALOG_COMPILER_LAUNCHIMAGE_NAME = LaunchImage;
				INFOPLIST_FILE = MyLoadProgressView/Info.plist;
				IPHONEOS_DEPLOYMENT_TARGET = 6.0;
				LD_RUNPATH_SEARCH_PATHS = "$(inherited) @executable_path/Frameworks";
				PRODUCT_NAME = "$(TARGET_NAME)";
			};
			name = Debug;
		};
		1BD387491AA0544B0085402E /* Release */ = {
			isa = XCBuildConfiguration;
			buildSettings = {
				ASSETCATALOG_COMPILER_APPICON_NAME = AppIcon;
				ASSETCATALOG_COMPILER_LAUNCHIMAGE_NAME = LaunchImage;
				INFOPLIST_FILE = MyLoadProgressView/Info.plist;
				IPHONEOS_DEPLOYMENT_TARGET = 6.0;
				LD_RUNPATH_SEARCH_PATHS = "$(inherited) @executable_path/Frameworks";
				PRODUCT_NAME = "$(TARGET_NAME)";
			};
			name = Release;
		};
		1BD3874B1AA0544B0085402E /* Debug */ = {
			isa = XCBuildConfiguration;
			buildSettings = {
				BUNDLE_LOADER = "$(TEST_HOST)";
				FRAMEWORK_SEARCH_PATHS = (
					"$(SDKROOT)/Developer/Library/Frameworks",
					"$(inherited)",
				);
				GCC_PREPROCESSOR_DEFINITIONS = (
					"DEBUG=1",
					"$(inherited)",
				);
				INFOPLIST_FILE = MyLoadProgressViewTests/Info.plist;
				LD_RUNPATH_SEARCH_PATHS = "$(inherited) @executable_path/Frameworks @loader_path/Frameworks";
				PRODUCT_NAME = "$(TARGET_NAME)";
				TEST_HOST = "$(BUILT_PRODUCTS_DIR)/MyLoadProgressView.app/MyLoadProgressView";
			};
			name = Debug;
		};
		1BD3874C1AA0544B0085402E /* Release */ = {
			isa = XCBuildConfiguration;
			buildSettings = {
				BUNDLE_LOADER = "$(TEST_HOST)";
				FRAMEWORK_SEARCH_PATHS = (
					"$(SDKROOT)/Developer/Library/Frameworks",
					"$(inherited)",
				);
				INFOPLIST_FILE = MyLoadProgressViewTests/Info.plist;
				LD_RUNPATH_SEARCH_PATHS = "$(inherited) @executable_path/Frameworks @loader_path/Frameworks";
				PRODUCT_NAME = "$(TARGET_NAME)";
				TEST_HOST = "$(BUILT_PRODUCTS_DIR)/MyLoadProgressView.app/MyLoadProgressView";
			};
			name = Release;
		};
/* End XCBuildConfiguration section */

/* Begin XCConfigurationList section */
		1BD3871F1AA0544B0085402E /* Build configuration list for PBXProject "MyLoadProgressView" */ = {
			isa = XCConfigurationList;
			buildConfigurations = (
				1BD387451AA0544B0085402E /* Debug */,
				1BD387461AA0544B0085402E /* Release */,
			);
			defaultConfigurationIsVisible = 0;
			defaultConfigurationName = Release;
		};
		1BD387471AA0544B0085402E /* Build configuration list for PBXNativeTarget "MyLoadProgressView" */ = {
			isa = XCConfigurationList;
			buildConfigurations = (
				1BD387481AA0544B0085402E /* Debug */,
				1BD387491AA0544B0085402E /* Release */,
			);
			defaultConfigurationIsVisible = 0;
			defaultConfigurationName = Release;
		};
		1BD3874A1AA0544B0085402E /* Build configuration list for PBXNativeTarget "MyLoadProgressViewTests" */ = {
			isa = XCConfigurationList;
			buildConfigurations = (
				1BD3874B1AA0544B0085402E /* Debug */,
				1BD3874C1AA0544B0085402E /* Release */,
			);
			defaultConfigurationIsVisible = 0;
			defaultConfigurationName = Release;
		};
/* End XCConfigurationList section */
	};
	rootObject = 1BD3871C1AA0544B0085402E /* Project object */;
}
